
Microsoft Visual Studio Solution File, Format Version 12.00
# Visual Studio Version 16
VisualStudioVersion = 16.0.29025.244
MinimumVisualStudioVersion = 10.0.40219.1
Project("{FAE04EC0-301F-11D3-BF4B-00C04F79EFBC}") = "TableStorageAccountExample", "TableStorageAccountExample\TableStorageAccountExample.csproj", "{C953C226-BD52-4263-BCA3-675F2C51220E}"
EndProject
Global
	GlobalSection(SolutionConfigurationPlatforms) = preSolution
		Debug|Any CPU = Debug|Any CPU
		Release|Any CPU = Release|Any CPU
	EndGlobalSection
	GlobalSection(ProjectConfigurationPlatforms) = postSolution
		{C953C226-BD52-4263-BCA3-675F2C51220E}.Debug|Any CPU.ActiveCfg = Debug|Any CPU
		{C953C226-BD52-4263-BCA3-675F2C51220E}.Debug|Any CPU.Build.0 = Debug|Any CPU
		{C953C226-BD52-4263-BCA3-675F2C51220E}.Release|Any CPU.ActiveCfg = Release|Any CPU
		{C953C226-BD52-4263-BCA3-675F2C51220E}.Release|Any CPU.Build.0 = Release|Any CPU
	EndGlobalSection
	GlobalSection(SolutionProperties) = preSolution
		HideSolutionNode = FALSE
	EndGlobalSection
	GlobalSection(ExtensibilityGlobals) = postSolution
		SolutionGuid = {B6E4DED5-44F3-4217-B8C6-0CA964736220}
	EndGlobalSection
EndGlobal
